
Microsoft Visual Studio Solution File, Format Version 12.00
# Visual Studio Version 17
VisualStudioVersion = 17.9.34622.214
MinimumVisualStudioVersion = 10.0.40219.1
Project("{FAE04EC0-301F-11D3-BF4B-00C04F79EFBC}") = "Lab3", "Lab3.csproj", "{841F5F12-8C99-4FA2-BA54-5881B9B05447}"
EndProject
Global
	GlobalSection(SolutionConfigurationPlatforms) = preSolution
		Debug|Any CPU = Debug|Any CPU
		Release|Any CPU = Release|Any CPU
	EndGlobalSection
	GlobalSection(ProjectConfigurationPlatforms) = postSolution
		{841F5F12-8C99-4FA2-BA54-5881B9B05447}.Debug|Any CPU.ActiveCfg = Debug|Any CPU
		{841F5F12-8C99-4FA2-BA54-5881B9B05447}.Debug|Any CPU.Build.0 = Debug|Any CPU
		{841F5F12-8C99-4FA2-BA54-5881B9B05447}.Release|Any CPU.ActiveCfg = Release|Any CPU
		{841F5F12-8C99-4FA2-BA54-5881B9B05447}.Release|Any CPU.Build.0 = Release|Any CPU
	EndGlobalSection
	GlobalSection(SolutionProperties) = preSolution
		HideSolutionNode = FALSE
	EndGlobalSection
	GlobalSection(ExtensibilityGlobals) = postSolution
		SolutionGuid = {24768981-239B-43B9-BB64-07BE835CDD5C}
	EndGlobalSection
EndGlobal
